// !$*UTF8*$!
{
	archiveVersion = 1;
	classes = {
	};
	objectVersion = 46;
	objects = {

/* Begin PBXBuildFile section */
		1CB6F4301D7FA11C00178338 /* main.m in Sources */ = {isa = PBXBuildFile; fileRef = 1CB6F42F1D7FA11C00178338 /* main.m */; };
		1CB6F4331D7FA11C00178338 /* AppDelegate.m in Sources */ = {isa = PBXBuildFile; fileRef = 1CB6F4321D7FA11C00178338 /* AppDelegate.m */; };
		1CB6F4361D7FA11C00178338 /* ViewController.m in Sources */ = {isa = PBXBuildFile; fileRef = 1CB6F4351D7FA11C00178338 /* ViewController.m */; };
		1CB6F4391D7FA11C00178338 /* Main.storyboard in Resources */ = {isa = PBXBuildFile; fileRef = 1CB6F4371D7FA11C00178338 /* Main.storyboard */; };
		1CB6F43B1D7FA11C00178338 /* Assets.xcassets in Resources */ = {isa = PBXBuildFile; fileRef = 1CB6F43A1D7FA11C00178338 /* Assets.xcassets */; };
		1CB6F43E1D7FA11C00178338 /* LaunchScreen.storyboard in Resources */ = {isa = PBXBuildFile; fileRef = 1CB6F43C1D7FA11C00178338 /* LaunchScreen.storyboard */; };
		1CB6F4471D7FA2DE00178338 /* AViewController.m in Sources */ = {isa = PBXBuildFile; fileRef = 1CB6F4461D7FA2DE00178338 /* AViewController.m */; };
		1CB6F44B1D7FCCC500178338 /* BViewController.m in Sources */ = {isa = PBXBuildFile; fileRef = 1CB6F4491D7FCCC500178338 /* BViewController.m */; };
		1CB6F44C1D7FCCC500178338 /* BViewController.xib in Resources */ = {isa = PBXBuildFile; fileRef = 1CB6F44A1D7FCCC500178338 /* BViewController.xib */; };
/* End PBXBuildFile section */

/* Begin PBXFileReference section */
		1CB6F42B1D7FA11C00178338 /* text_git.app */ = {isa = PBXFileReference; explicitFileType = wrapper.application; includeInIndex = 0; path = text_git.app; sourceTree = BUILT_PRODUCTS_DIR; };
		1CB6F42F1D7FA11C00178338 /* main.m */ = {isa = PBXFileReference; lastKnownFileType = sourcecode.c.objc; path = main.m; sourceTree = "<group>"; };
		1CB6F4311D7FA11C00178338 /* AppDelegate.h */ = {isa = PBXFileReference; lastKnownFileType = sourcecode.c.h; path = AppDelegate.h; sourceTree = "<group>"; };
		1CB6F4321D7FA11C00178338 /* AppDelegate.m */ = {isa = PBXFileReference; lastKnownFileType = sourcecode.c.objc; path = AppDelegate.m; sourceTree = "<group>"; };
		1CB6F4341D7FA11C00178338 /* ViewController.h */ = {isa = PBXFileReference; lastKnownFileType = sourcecode.c.h; path = ViewController.h; sourceTree = "<group>"; };
		1CB6F4351D7FA11C00178338 /* ViewController.m */ = {isa = PBXFileReference; lastKnownFileType = sourcecode.c.objc; path = ViewController.m; sourceTree = "<group>"; };
		1CB6F4381D7FA11C00178338 /* Base */ = {isa = PBXFileReference; lastKnownFileType = file.storyboard; name = Base; path = Base.lproj/Main.storyboard; sourceTree = "<group>"; };
		1CB6F43A1D7FA11C00178338 /* Assets.xcassets */ = {isa = PBXFileReference; lastKnownFileType = folder.assetcatalog; path = Assets.xcassets; sourceTree = "<group>"; };
		1CB6F43D1D7FA11C00178338 /* Base */ = {isa = PBXFileReference; lastKnownFileType = file.storyboard; name = Base; path = Base.lproj/LaunchScreen.storyboard; sourceTree = "<group>"; };
		1CB6F43F1D7FA11C00178338 /* Info.plist */ = {isa = PBXFileReference; lastKnownFileType = text.plist.xml; path = Info.plist; sourceTree = "<group>"; };
		1CB6F4451D7FA2DE00178338 /* AViewController.h */ = {isa = PBXFileReference; fileEncoding = 4; lastKnownFileType = sourcecode.c.h; path = AViewController.h; sourceTree = "<group>"; };
		1CB6F4461D7FA2DE00178338 /* AViewController.m */ = {isa = PBXFileReference; fileEncoding = 4; lastKnownFileType = sourcecode.c.objc; path = AViewController.m; sourceTree = "<group>"; };
		1CB6F4481D7FCCC500178338 /* BViewController.h */ = {isa = PBXFileReference; fileEncoding = 4; lastKnownFileType = sourcecode.c.h; path = BViewController.h; sourceTree = "<group>"; };
		1CB6F4491D7FCCC500178338 /* BViewController.m */ = {isa = PBXFileReference; fileEncoding = 4; lastKnownFileType = sourcecode.c.objc; path = BViewController.m; sourceTree = "<group>"; };
		1CB6F44A1D7FCCC500178338 /* BViewController.xib */ = {isa = PBXFileReference; fileEncoding = 4; lastKnownFileType = file.xib; path = BViewController.xib; sourceTree = "<group>"; };
/* End PBXFileReference section */

/* Begin PBXFrameworksBuildPhase section */
		1CB6F4281D7FA11C00178338 /* Frameworks */ = {
			isa = PBXFrameworksBuildPhase;
			buildActionMask = 2147483647;
			files = (
			);
			runOnlyForDeploymentPostprocessing = 0;
		};
/* End PBXFrameworksBuildPhase section */

/* Begin PBXGroup section */
		1CB6F4221D7FA11C00178338 = {
			isa = PBXGroup;
			children = (
				1CB6F42D1D7FA11C00178338 /* text_git */,
				1CB6F42C1D7FA11C00178338 /* Products */,
			);
			sourceTree = "<group>";
		};
		1CB6F42C1D7FA11C00178338 /* Products */ = {
			isa = PBXGroup;
			children = (
				1CB6F42B1D7FA11C00178338 /* text_git.app */,
			);
			name = Products;
			sourceTree = "<group>";
		};
		1CB6F42D1D7FA11C00178338 /* text_git */ = {
			isa = PBXGroup;
			children = (
				1CB6F4311D7FA11C00178338 /* AppDelegate.h */,
				1CB6F4321D7FA11C00178338 /* AppDelegate.m */,
				1CB6F4341D7FA11C00178338 /* ViewController.h */,
				1CB6F4351D7FA11C00178338 /* ViewController.m */,
				1CB6F4451D7FA2DE00178338 /* AViewController.h */,
				1CB6F4461D7FA2DE00178338 /* AViewController.m */,
				1CB6F4481D7FCCC500178338 /* BViewController.h */,
				1CB6F4491D7FCCC500178338 /* BViewController.m */,
				1CB6F44A1D7FCCC500178338 /* BViewController.xib */,
				1CB6F4371D7FA11C00178338 /* Main.storyboard */,
				1CB6F43A1D7FA11C00178338 /* Assets.xcassets */,
				1CB6F43C1D7FA11C00178338 /* LaunchScreen.storyboard */,
				1CB6F43F1D7FA11C00178338 /* Info.plist */,
				1CB6F42E1D7FA11C00178338 /* Supporting Files */,
			);
			path = text_git;
			sourceTree = "<group>";
		};
		1CB6F42E1D7FA11C00178338 /* Supporting Files */ = {
			isa = PBXGroup;
			children = (
				1CB6F42F1D7FA11C00178338 /* main.m */,
			);
			name = "Supporting Files";
			sourceTree = "<group>";
		};
/* End PBXGroup section */

/* Begin PBXNativeTarget section */
		1CB6F42A1D7FA11C00178338 /* text_git */ = {
			isa = PBXNativeTarget;
			buildConfigurationList = 1CB6F4421D7FA11C00178338 /* Build configuration list for PBXNativeTarget "text_git" */;
			buildPhases = (
				1CB6F4271D7FA11C00178338 /* Sources */,
				1CB6F4281D7FA11C00178338 /* Frameworks */,
				1CB6F4291D7FA11C00178338 /* Resources */,
			);
			buildRules = (
			);
			dependencies = (
			);
			name = text_git;
			productName = text_git;
			productReference = 1CB6F42B1D7FA11C00178338 /* text_git.app */;
			productType = "com.apple.product-type.application";
		};
/* End PBXNativeTarget section */

/* Begin PBXProject section */
		1CB6F4231D7FA11C00178338 /* Project object */ = {
			isa = PBXProject;
			attributes = {
				LastUpgradeCheck = 0730;
				ORGANIZATIONNAME = sportPlus;
				TargetAttributes = {
					1CB6F42A1D7FA11C00178338 = {
						CreatedOnToolsVersion = 7.3.1;
					};
				};
			};
			buildConfigurationList = 1CB6F4261D7FA11C00178338 /* Build configuration list for PBXProject "text_git" */;
			compatibilityVersion = "Xcode 3.2";
			developmentRegion = English;
			hasScannedForEncodings = 0;
			knownRegions = (
				en,
				Base,
			);
			mainGroup = 1CB6F4221D7FA11C00178338;
			productRefGroup = 1CB6F42C1D7FA11C00178338 /* Products */;
			projectDirPath = "";
			projectRoot = "";
			targets = (
				1CB6F42A1D7FA11C00178338 /* text_git */,
			);
		};
/* End PBXProject section */

/* Begin PBXResourcesBuildPhase section */
		1CB6F4291D7FA11C00178338 /* Resources */ = {
			isa = PBXResourcesBuildPhase;
			buildActionMask = 2147483647;
			files = (
				1CB6F43E1D7FA11C00178338 /* LaunchScreen.storyboard in Resources */,
				1CB6F44C1D7FCCC500178338 /* BViewController.xib in Resources */,
				1CB6F43B1D7FA11C00178338 /* Assets.xcassets in Resources */,
				1CB6F4391D7FA11C00178338 /* Main.storyboard in Resources */,
			);
			runOnlyForDeploymentPostprocessing = 0;
		};
/* End PBXResourcesBuildPhase section */

/* Begin PBXSourcesBuildPhase section */
		1CB6F4271D7FA11C00178338 /* Sources */ = {
			isa = PBXSourcesBuildPhase;
			buildActionMask = 2147483647;
			files = (
				1CB6F4471D7FA2DE00178338 /* AViewController.m in Sources */,
				1CB6F4361D7FA11C00178338 /* ViewController.m in Sources */,
				1CB6F4331D7FA11C00178338 /* AppDelegate.m in Sources */,
				1CB6F44B1D7FCCC500178338 /* BViewController.m in Sources */,
				1CB6F4301D7FA11C00178338 /* main.m in Sources */,
			);
			runOnlyForDeploymentPostprocessing = 0;
		};
/* End PBXSourcesBuildPhase section */

/* Begin PBXVariantGroup section */
		1CB6F4371D7FA11C00178338 /* Main.storyboard */ = {
			isa = PBXVariantGroup;
			children = (
				1CB6F4381D7FA11C00178338 /* Base */,
			);
			name = Main.storyboard;
			sourceTree = "<group>";
		};
		1CB6F43C1D7FA11C00178338 /* LaunchScreen.storyboard */ = {
			isa = PBXVariantGroup;
			children = (
				1CB6F43D1D7FA11C00178338 /* Base */,
			);
			name = LaunchScreen.storyboard;
			sourceTree = "<group>";
		};
/* End PBXVariantGroup section */

/* Begin XCBuildConfiguration section */
		1CB6F4401D7FA11C00178338 /* Debug */ = {
			isa = XCBuildConfiguration;
			buildSettings = {
				ALWAYS_SEARCH_USER_PATHS = NO;
				CLANG_ANALYZER_NONNULL = YES;
				CLANG_CXX_LANGUAGE_STANDARD = "gnu++0x";
				CLANG_CXX_LIBRARY = "libc++";
				CLANG_ENABLE_MODULES = YES;
				CLANG_ENABLE_OBJC_ARC = YES;
				CLANG_WARN_BOOL_CONVERSION = YES;
				CLANG_WARN_CONSTANT_CONVERSION = YES;
				CLANG_WARN_DIRECT_OBJC_ISA_USAGE = YES_ERROR;
				CLANG_WARN_EMPTY_BODY = YES;
				CLANG_WARN_ENUM_CONVERSION = YES;
				CLANG_WARN_INT_CONVERSION = YES;
				CLANG_WARN_OBJC_ROOT_CLASS = YES_ERROR;
				CLANG_WARN_UNREACHABLE_CODE = YES;
				CLANG_WARN__DUPLICATE_METHOD_MATCH = YES;
				"CODE_SIGN_IDENTITY[sdk=iphoneos*]" = "iPhone Developer";
				COPY_PHASE_STRIP = NO;
				DEBUG_INFORMATION_FORMAT = dwarf;
				ENABLE_STRICT_OBJC_MSGSEND = YES;
				ENABLE_TESTABILITY = YES;
				GCC_C_LANGUAGE_STANDARD = gnu99;
				GCC_DYNAMIC_NO_PIC = NO;
				GCC_NO_COMMON_BLOCKS = YES;
				GCC_OPTIMIZATION_LEVEL = 0;
				GCC_PREPROCESSOR_DEFINITIONS = (
					"DEBUG=1",
					"$(inherited)",
				);
				GCC_WARN_64_TO_32_BIT_CONVERSION = YES;
				GCC_WARN_ABOUT_RETURN_TYPE = YES_ERROR;
				GCC_WARN_UNDECLARED_SELECTOR = YES;
				GCC_WARN_UNINITIALIZED_AUTOS = YES_AGGRESSIVE;
				GCC_WARN_UNUSED_FUNCTION = YES;
				GCC_WARN_UNUSED_VARIABLE = YES;
				IPHONEOS_DEPLOYMENT_TARGET = 9.3;
				MTL_ENABLE_DEBUG_INFO = YES;
				ONLY_ACTIVE_ARCH = YES;
				SDKROOT = iphoneos;
				TARGETED_DEVICE_FAMILY = "1,2";
			};
			name = Debug;
		};
		1CB6F4411D7FA11C00178338 /* Release */ = {
			isa = XCBuildConfiguration;
			buildSettings = {
				ALWAYS_SEARCH_USER_PATHS = NO;
				CLANG_ANALYZER_NONNULL = YES;
				CLANG_CXX_LANGUAGE_STANDARD = "gnu++0x";
				CLANG_CXX_LIBRARY = "libc++";
				CLANG_ENABLE_MODULES = YES;
				CLANG_ENABLE_OBJC_ARC = YES;
				CLANG_WARN_BOOL_CONVERSION = YES;
				CLANG_WARN_CONSTANT_CONVERSION = YES;
				CLANG_WARN_DIRECT_OBJC_ISA_USAGE = YES_ERROR;
				CLANG_WARN_EMPTY_BODY = YES;
				CLANG_WARN_ENUM_CONVERSION = YES;
				CLANG_WARN_INT_CONVERSION = YES;
				CLANG_WARN_OBJC_ROOT_CLASS = YES_ERROR;
				CLANG_WARN_UNREACHABLE_CODE = YES;
				CLANG_WARN__DUPLICATE_METHOD_MATCH = YES;
				"CODE_SIGN_IDENTITY[sdk=iphoneos*]" = "iPhone Developer";
				COPY_PHASE_STRIP = NO;
				DEBUG_INFORMATION_FORMAT = "dwarf-with-dsym";
				ENABLE_NS_ASSERTIONS = NO;
				ENABLE_STRICT_OBJC_MSGSEND = YES;
				GCC_C_LANGUAGE_STANDARD = gnu99;
				GCC_NO_COMMON_BLOCKS = YES;
				GCC_WARN_64_TO_32_BIT_CONVERSION = YES;
				GCC_WARN_ABOUT_RETURN_TYPE = YES_ERROR;
				GCC_WARN_UNDECLARED_SELECTOR = YES;
				GCC_WARN_UNINITIALIZED_AUTOS = YES_AGGRESSIVE;
				GCC_WARN_UNUSED_FUNCTION = YES;
				GCC_WARN_UNUSED_VARIABLE = YES;
				IPHONEOS_DEPLOYMENT_TARGET = 9.3;
				MTL_ENABLE_DEBUG_INFO = NO;
				SDKROOT = iphoneos;
				TARGETED_DEVICE_FAMILY = "1,2";
				VALIDATE_PRODUCT = YES;
			};
			name = Release;
		};
		1CB6F4431D7FA11C00178338 /* Debug */ = {
			isa = XCBuildConfiguration;
			buildSettings = {
				ASSETCATALOG_COMPILER_APPICON_NAME = AppIcon;
				INFOPLIST_FILE = text_git/Info.plist;
				LD_RUNPATH_SEARCH_PATHS = "$(inherited) @executable_path/Frameworks";
				PRODUCT_BUNDLE_IDENTIFIER = "com.sprotmen.text-git";
				PRODUCT_NAME = "$(TARGET_NAME)";
			};
			name = Debug;
		};
		1CB6F4441D7FA11C00178338 /* Release */ = {
			isa = XCBuildConfiguration;
			buildSettings = {
				ASSETCATALOG_COMPILER_APPICON_NAME = AppIcon;
				INFOPLIST_FILE = text_git/Info.plist;
				LD_RUNPATH_SEARCH_PATHS = "$(inherited) @executable_path/Frameworks";
				PRODUCT_BUNDLE_IDENTIFIER = "com.sprotmen.text-git";
				PRODUCT_NAME = "$(TARGET_NAME)";
			};
			name = Release;
		};
/* End XCBuildConfiguration section */

/* Begin XCConfigurationList section */
		1CB6F4261D7FA11C00178338 /* Build configuration list for PBXProject "text_git" */ = {
			isa = XCConfigurationList;
			buildConfigurations = (
				1CB6F4401D7FA11C00178338 /* Debug */,
				1CB6F4411D7FA11C00178338 /* Release */,
			);
			defaultConfigurationIsVisible = 0;
			defaultConfigurationName = Release;
		};
		1CB6F4421D7FA11C00178338 /* Build configuration list for PBXNativeTarget "text_git" */ = {
			isa = XCConfigurationList;
			buildConfigurations = (
				1CB6F4431D7FA11C00178338 /* Debug */,
				1CB6F4441D7FA11C00178338 /* Release */,
			);
			defaultConfigurationIsVisible = 0;
			defaultConfigurationName = Release;
		};
/* End XCConfigurationList section */
	};
	rootObject = 1CB6F4231D7FA11C00178338 /* Project object */;
}
